
Microsoft Visual Studio Solution File, Format Version 12.00
# Visual Studio Version 17
VisualStudioVersion = 17.3.32922.545
MinimumVisualStudioVersion = 10.0.40219.1
Project("{FAE04EC0-301F-11D3-BF4B-00C04F79EFBC}") = "calorieCounter", "calorieCounter.csproj", "{5D15DF34-9B74-4215-A0C2-226FDD647D74}"
EndProject
Global
	GlobalSection(SolutionConfigurationPlatforms) = preSolution
		Debug|Any CPU = Debug|Any CPU
		Release|Any CPU = Release|Any CPU
	EndGlobalSection
	GlobalSection(ProjectConfigurationPlatforms) = postSolution
		{5D15DF34-9B74-4215-A0C2-226FDD647D74}.Debug|Any CPU.ActiveCfg = Debug|Any CPU
		{5D15DF34-9B74-4215-A0C2-226FDD647D74}.Debug|Any CPU.Build.0 = Debug|Any CPU
		{5D15DF34-9B74-4215-A0C2-226FDD647D74}.Release|Any CPU.ActiveCfg = Release|Any CPU
		{5D15DF34-9B74-4215-A0C2-226FDD647D74}.Release|Any CPU.Build.0 = Release|Any CPU
	EndGlobalSection
	GlobalSection(SolutionProperties) = preSolution
		HideSolutionNode = FALSE
	EndGlobalSection
	GlobalSection(ExtensibilityGlobals) = postSolution
		SolutionGuid = {8186FFB3-E94D-4F54-8D56-C51FC6025FA0}
	EndGlobalSection
EndGlobal
